Microsoft Visual Studio Solution File, Format Version 12.00
# Visual Studio Version 17
VisualStudioVersion = 17.9.34723.18
MinimumVisualStudioVersion = 10.0.40219.1
Project("{9A19103F-16F7-4668-BE54-9A1E7A4F7556}") = "PicNetStudio.Avalonia", "PicNetStudio.Avalonia\PicNetStudio.Avalonia.csproj", "{2375D188-6001-479A-A896-06EB7E686F2C}"
EndProject
Global
	GlobalSection(SolutionConfigurationPlatforms) = preSolution
		Debug|Any CPU = Debug|Any CPU
		Release|Any CPU = Release|Any CPU
	EndGlobalSection
	GlobalSection(ProjectConfigurationPlatforms) = postSolution
		{2375D188-6001-479A-A896-06EB7E686F2C}.Debug|Any CPU.ActiveCfg = Debug|Any CPU
		{2375D188-6001-479A-A896-06EB7E686F2C}.Debug|Any CPU.Build.0 = Debug|Any CPU
		{2375D188-6001-479A-A896-06EB7E686F2C}.Release|Any CPU.ActiveCfg = Release|Any CPU
		{2375D188-6001-479A-A896-06EB7E686F2C}.Release|Any CPU.Build.0 = Release|Any CPU
	EndGlobalSection
	GlobalSection(SolutionProperties) = preSolution
		HideSolutionNode = FALSE
	EndGlobalSection
	GlobalSection(ExtensibilityGlobals) = postSolution
		SolutionGuid = {3B587547-4DC0-44EB-938B-EF39698C753B}
	EndGlobalSection
EndGlobal
